<?xml version="1.0" encoding="utf-8"?>
<Project ToolsVersion="4.0" xmlns="http://schemas.microsoft.com/developer/msbuild/2003">
  <ItemGroup>
    <Filter Include="Source Files">
      <UniqueIdentifier>{4FC737F1-C7A5-4376-A066-2A32D752A2FF}</UniqueIdentifier>
      <Extensions>cpp;c;cc;cxx;def;odl;idl;hpj;bat;asm;asmx</Extensions>
    </Filter>
    <Filter Include="Header Files">
      <UniqueIdentifier>{93995380-89BD-4b04-88EB-625FBE52EBFB}</UniqueIdentifier>
      <Extensions>h;hpp;hxx;hm;inl;inc;xsd</Extensions>
    </Filter>
    <Filter Include="Resource Files">
      <UniqueIdentifier>{67DA6AB6-F800-4c08-8B7A-83BB121AAD01}</UniqueIdentifier>
      <Extensions>rc;ico;cur;bmp;dlg;rc2;rct;bin;rgs;gif;jpg;jpeg;jpe;resx;tiff;tif;png;wav;mfcribbon-ms</Extensions>
    </Filter>
  </ItemGroup>
  <ItemGroup>
    <None Include="servocon_win.ico">
      <Filter>Resource Files</Filter>
    </None>
  </ItemGroup>
  <ItemGroup>
    <ResourceCompile Include="servocon_win.rc">
      <Filter>Resource Files</Filter>
    </ResourceCompile>
  </ItemGroup>
  <ItemGroup>
    <ClCompile Include="..\..\servocon_src\arg_parsing.c">
      <Filter>Source Files</Filter>
    </ClCompile>
    <ClCompile Include="..\..\servocon_src\run_thread.c">
      <Filter>Source Files</Filter>
    </ClCompile>
    <ClCompile Include="..\..\servocon_src\servocon_main.c">
      <Filter>Source Files</Filter>
    </ClCompile>
    <ClCompile Include="..\..\servocon_src\shmem_mgr.c">
      <Filter>Source Files</Filter>
    </ClCompile>
    <ClCompile Include="..\..\servocon_src\msg_pass.c">
      <Filter>Source Files</Filter>
    </ClCompile>
    <ClCompile Include="..\..\servocon_src\ecat_network.c">
      <Filter>Source Files</Filter>
    </ClCompile>
    <ClCompile Include="..\..\servocon_src\error_parsing.c">
      <Filter>Source Files</Filter>
    </ClCompile>
    <ClCompile Include="..\..\servocon_src\motor_svc.c">
      <Filter>Source Files</Filter>
    </ClCompile>
    <ClCompile Include="..\..\servocon_src\io_svc.c">
      <Filter>Source Files</Filter>
    </ClCompile>
    <ClCompile Include="..\..\servocon_src\sys_svc.c">
      <Filter>Source Files</Filter>
    </ClCompile>
    <ClCompile Include="..\..\servocon_src\svc_handling.c">
      <Filter>Source Files</Filter>
    </ClCompile>
    <ClCompile Include="..\..\servocon_src\scr_display.c">
      <Filter>Source Files</Filter>
    </ClCompile>
    <ClCompile Include="..\..\servocon_src\ecat_coe.c">
      <Filter>Source Files</Filter>
    </ClCompile>
    <ClCompile Include="..\..\servocon_src\ecat_pdo.c">
      <Filter>Source Files</Filter>
    </ClCompile>
    <ClCompile Include="..\..\servocon_src\ecat_lib.c">
      <Filter>Source Files</Filter>
    </ClCompile>
    <ClCompile Include="..\..\servocon_src\save_file.c">
      <Filter>Source Files</Filter>
    </ClCompile>
  </ItemGroup>
  <ItemGroup>
    <ClInclude Include="..\..\servocon_src\sys_conf.h">
      <Filter>Header Files</Filter>
    </ClInclude>
    <ClInclude Include="..\..\servocon_src\CRT.h">
      <Filter>Header Files</Filter>
    </ClInclude>
    <ClInclude Include="..\..\servocon_src\error_def.h">
      <Filter>Header Files</Filter>
    </ClInclude>
    <ClInclude Include="..\..\servocon_src\ipc_robotmgr.h">
      <Filter>Header Files</Filter>
    </ClInclude>
    <ClInclude Include="..\..\servocon_src\ipc_servocon.h">
      <Filter>Header Files</Filter>
    </ClInclude>
    <ClInclude Include="..\..\servocon_src\ipc_taskexec.h">
      <Filter>Header Files</Filter>
    </ClInclude>
    <ClInclude Include="..\..\servocon_src\ipc_jobshm.h">
      <Filter>Header Files</Filter>
    </ClInclude>
    <ClInclude Include="..\..\servocon_src\servocon_main.h">
      <Filter>Header Files</Filter>
    </ClInclude>
    <ClInclude Include="..\..\servocon_src\service.h">
      <Filter>Header Files</Filter>
    </ClInclude>
    <ClInclude Include="..\..\servocon_src\dandy_job.h">
      <Filter>Header Files</Filter>
    </ClInclude>
    <ClInclude Include="..\..\servocon_src\ecat_def.h">
      <Filter>Header Files</Filter>
    </ClInclude>
  </ItemGroup>
</Project>