<?xml version="1.0" encoding="utf-8"?>
<Project ToolsVersion="4.0" xmlns="http://schemas.microsoft.com/developer/msbuild/2003">
  <ItemGroup>
    <Filter Include="Source Files">
      <UniqueIdentifier>{4FC737F1-C7A5-4376-A066-2A32D752A2FF}</UniqueIdentifier>
      <Extensions>cpp;c;cc;cxx;def;odl;idl;hpj;bat;asm;asmx</Extensions>
    </Filter>
    <Filter Include="Header Files">
      <UniqueIdentifier>{93995380-89BD-4b04-88EB-625FBE52EBFB}</UniqueIdentifier>
      <Extensions>h;hpp;hxx;hm;inl;inc;xsd</Extensions>
    </Filter>
    <Filter Include="Resource Files">
      <UniqueIdentifier>{67DA6AB6-F800-4c08-8B7A-83BB121AAD01}</UniqueIdentifier>
      <Extensions>rc;ico;cur;bmp;dlg;rc2;rct;bin;rgs;gif;jpg;jpeg;jpe;resx;tiff;tif;png;wav;mfcribbon-ms</Extensions>
    </Filter>
  </ItemGroup>
  <ItemGroup>
    <ClCompile Include="..\taskexec_src\t_taskexec.c">
      <Filter>Source Files</Filter>
    </ClCompile>
    <ClCompile Include="..\taskexec_src\t_runtime.c">
      <Filter>Source Files</Filter>
    </ClCompile>
    <ClCompile Include="..\taskexec_src\te_serv.c">
      <Filter>Source Files</Filter>
    </ClCompile>
    <ClCompile Include="..\taskexec_src\str_conv.c">
      <Filter>Source Files</Filter>
    </ClCompile>
    <ClCompile Include="..\taskexec_src\init.c">
      <Filter>Source Files</Filter>
    </ClCompile>
    <ClCompile Include="..\taskexec_src\global.c">
      <Filter>Source Files</Filter>
    </ClCompile>
    <ClCompile Include="..\src\motion.c">
      <Filter>Source Files</Filter>
    </ClCompile>
    <ClCompile Include="..\src\trajectory.c">
      <Filter>Source Files</Filter>
    </ClCompile>
    <ClCompile Include="..\taskexec_src\argument.c">
      <Filter>Source Files</Filter>
    </ClCompile>
    <ClCompile Include="..\taskexec_src\run_timetest.c">
      <Filter>Source Files</Filter>
    </ClCompile>
    <ClCompile Include="..\taskexec_src\run_jog.c">
      <Filter>Source Files</Filter>
    </ClCompile>
    <ClCompile Include="..\taskexec_src\run_serv.c">
      <Filter>Source Files</Filter>
    </ClCompile>
    <ClCompile Include="..\taskexec_src\filemgr.c">
      <Filter>Source Files</Filter>
    </ClCompile>
    <ClCompile Include="..\src\geometry.c">
      <Filter>Source Files</Filter>
    </ClCompile>
    <ClCompile Include="..\src\kin_dandy2.c">
      <Filter>Source Files</Filter>
    </ClCompile>
    <ClCompile Include="..\src\weave.c">
      <Filter>Source Files</Filter>
    </ClCompile>
    <ClCompile Include="..\taskexec_src\cmd.c">
      <Filter>Source Files</Filter>
    </ClCompile>
    <ClCompile Include="..\taskexec_src\run_prog.c">
      <Filter>Source Files</Filter>
    </ClCompile>
    <ClCompile Include="..\taskexec_src\t_vga.c">
      <Filter>Source Files</Filter>
    </ClCompile>
    <ClCompile Include="..\taskexec_src\arg_get.c">
      <Filter>Source Files</Filter>
    </ClCompile>
    <ClCompile Include="..\taskexec_src\arg_set.c">
      <Filter>Source Files</Filter>
    </ClCompile>
    <ClCompile Include="..\taskexec_src\cmd_op.c">
      <Filter>Source Files</Filter>
    </ClCompile>
    <ClCompile Include="..\taskexec_src\cmd_mov.c">
      <Filter>Source Files</Filter>
    </ClCompile>
    <ClCompile Include="..\taskexec_src\call_stack.c">
      <Filter>Source Files</Filter>
    </ClCompile>
    <ClCompile Include="..\taskexec_src\cmd_branch.c">
      <Filter>Source Files</Filter>
    </ClCompile>
    <ClCompile Include="..\taskexec_src\cmd_coord.c">
      <Filter>Source Files</Filter>
    </ClCompile>
    <ClCompile Include="..\taskexec_src\coord.c">
      <Filter>Source Files</Filter>
    </ClCompile>
    <ClCompile Include="..\src\profile7.c">
      <Filter>Source Files</Filter>
    </ClCompile>
    <ClCompile Include="..\src\profile3.c">
      <Filter>Source Files</Filter>
    </ClCompile>
    <ClCompile Include="..\taskexec_src\cmd_touch.c">
      <Filter>Source Files</Filter>
    </ClCompile>
    <ClCompile Include="..\src\calc_weav_rot.c">
      <Filter>Source Files</Filter>
    </ClCompile>
    <ClCompile Include="..\taskexec_src\cmd_weld.c">
      <Filter>Source Files</Filter>
    </ClCompile>
    <ClCompile Include="..\taskexec_src\arg_unit.c">
      <Filter>Source Files</Filter>
    </ClCompile>
    <ClCompile Include="..\taskexec_src\cmd_port.c">
      <Filter>Source Files</Filter>
    </ClCompile>
    <ClCompile Include="..\taskexec_src\cmd_cweav.c">
      <Filter>Source Files</Filter>
    </ClCompile>
    <ClCompile Include="..\taskexec_src\sensor.c">
      <Filter>Source Files</Filter>
    </ClCompile>
    <ClCompile Include="..\taskexec_src\run_restart.c">
      <Filter>Source Files</Filter>
    </ClCompile>
  </ItemGroup>
  <ItemGroup>
    <ClInclude Include="..\taskexec_src\taskexec_def.h">
      <Filter>Header Files</Filter>
    </ClInclude>
    <ClInclude Include="..\taskexec_src\te_serv.h">
      <Filter>Header Files</Filter>
    </ClInclude>
    <ClInclude Include="..\src\ipc_taskexec.h">
      <Filter>Header Files</Filter>
    </ClInclude>
    <ClInclude Include="..\src\ipc_robotmgr.h">
      <Filter>Header Files</Filter>
    </ClInclude>
    <ClInclude Include="..\src\ipc_servocon.h">
      <Filter>Header Files</Filter>
    </ClInclude>
    <ClInclude Include="..\src\sys_conf.h">
      <Filter>Header Files</Filter>
    </ClInclude>
    <ClInclude Include="..\taskexec_src\str_conv.h">
      <Filter>Header Files</Filter>
    </ClInclude>
    <ClInclude Include="..\src\CRT.h">
      <Filter>Header Files</Filter>
    </ClInclude>
    <ClInclude Include="..\taskexec_src\init.h">
      <Filter>Header Files</Filter>
    </ClInclude>
    <ClInclude Include="..\lib\include\dandy_platform.h">
      <Filter>Header Files</Filter>
    </ClInclude>
    <ClInclude Include="..\src\motion.h">
      <Filter>Header Files</Filter>
    </ClInclude>
    <ClInclude Include="..\src\trajectory.h">
      <Filter>Header Files</Filter>
    </ClInclude>
    <ClInclude Include="..\taskexec_src\runtime.h">
      <Filter>Header Files</Filter>
    </ClInclude>
    <ClInclude Include="..\src\utility.h">
      <Filter>Header Files</Filter>
    </ClInclude>
    <ClInclude Include="..\taskexec_src\argument.h">
      <Filter>Header Files</Filter>
    </ClInclude>
    <ClInclude Include="..\taskexec_src\run_serv.h">
      <Filter>Header Files</Filter>
    </ClInclude>
    <ClInclude Include="resource.h">
      <Filter>Header Files</Filter>
    </ClInclude>
    <ClInclude Include="..\taskexec_src\filemgr.h">
      <Filter>Header Files</Filter>
    </ClInclude>
    <ClInclude Include="..\src\geometry.h">
      <Filter>Header Files</Filter>
    </ClInclude>
    <ClInclude Include="..\src\kinematics.h">
      <Filter>Header Files</Filter>
    </ClInclude>
    <ClInclude Include="..\src\weave.h">
      <Filter>Header Files</Filter>
    </ClInclude>
    <ClInclude Include="..\src\dandy_job.h">
      <Filter>Header Files</Filter>
    </ClInclude>
    <ClInclude Include="..\taskexec_src\cmd.h">
      <Filter>Header Files</Filter>
    </ClInclude>
    <ClInclude Include="..\taskexec_src\arg.h">
      <Filter>Header Files</Filter>
    </ClInclude>
    <ClInclude Include="..\taskexec_src\call_stack.h">
      <Filter>Header Files</Filter>
    </ClInclude>
    <ClInclude Include="..\taskexec_src\coord.h">
      <Filter>Header Files</Filter>
    </ClInclude>
    <ClInclude Include="..\src\profile7.h">
      <Filter>Header Files</Filter>
    </ClInclude>
    <ClInclude Include="..\src\profile3.h">
      <Filter>Header Files</Filter>
    </ClInclude>
    <ClInclude Include="..\taskexec_src\sensor.h">
      <Filter>Header Files</Filter>
    </ClInclude>
  </ItemGroup>
  <ItemGroup>
    <ResourceCompile Include="taskexec_win.rc">
      <Filter>Resource Files</Filter>
    </ResourceCompile>
  </ItemGroup>
  <ItemGroup>
    <None Include="icon1.ico">
      <Filter>Resource Files</Filter>
    </None>
  </ItemGroup>
</Project>