<?xml version="1.0" encoding="utf-8"?>
<Project ToolsVersion="4.0" xmlns="http://schemas.microsoft.com/developer/msbuild/2003">
  <ItemGroup>
    <Filter Include="Source Files">
      <UniqueIdentifier>{4FC737F1-C7A5-4376-A066-2A32D752A2FF}</UniqueIdentifier>
      <Extensions>cpp;c;cc;cxx;def;odl;idl;hpj;bat;asm;asmx</Extensions>
    </Filter>
    <Filter Include="Header Files">
      <UniqueIdentifier>{93995380-89BD-4b04-88EB-625FBE52EBFB}</UniqueIdentifier>
      <Extensions>h;hpp;hxx;hm;inl;inc;xsd</Extensions>
    </Filter>
    <Filter Include="Resource Files">
      <UniqueIdentifier>{67DA6AB6-F800-4c08-8B7A-83BB121AAD01}</UniqueIdentifier>
      <Extensions>rc;ico;cur;bmp;dlg;rc2;rct;bin;rgs;gif;jpg;jpeg;jpe;resx;tiff;tif;png;wav;mfcribbon-ms</Extensions>
    </Filter>
  </ItemGroup>
  <ItemGroup>
    <ClInclude Include="..\..\robotmgr_src\ascii_def.h">
      <Filter>Header Files</Filter>
    </ClInclude>
    <ClInclude Include="..\..\robotmgr_src\robotmgr_main.h">
      <Filter>Header Files</Filter>
    </ClInclude>
    <ClInclude Include="..\..\robotmgr_src\sys_conf.h">
      <Filter>Header Files</Filter>
    </ClInclude>
    <ClInclude Include="..\..\robotmgr_src\error_def.h">
      <Filter>Header Files</Filter>
    </ClInclude>
    <ClInclude Include="..\..\robotmgr_src\ipc_robotmgr.h">
      <Filter>Header Files</Filter>
    </ClInclude>
    <ClInclude Include="..\..\robotmgr_src\ipc_servocon.h">
      <Filter>Header Files</Filter>
    </ClInclude>
    <ClInclude Include="..\..\robotmgr_src\ipc_taskexec.h">
      <Filter>Header Files</Filter>
    </ClInclude>
    <ClInclude Include="..\..\robotmgr_src\CRT.h">
      <Filter>Header Files</Filter>
    </ClInclude>
    <ClInclude Include="resource.h">
      <Filter>Header Files</Filter>
    </ClInclude>
    <ClInclude Include="..\..\robotmgr_src\conf_mgr.h">
      <Filter>Header Files</Filter>
    </ClInclude>
    <ClInclude Include="..\..\robotmgr_src\dandy_network_proto.h">
      <Filter>Header Files</Filter>
    </ClInclude>
    <ClInclude Include="..\..\robotmgr_src\dandy_job.h">
      <Filter>Header Files</Filter>
    </ClInclude>
    <ClInclude Include="..\..\robotmgr_src\ipc_jobshm.h">
      <Filter>Header Files</Filter>
    </ClInclude>
    <ClInclude Include="..\..\robotmgr_src\service.h">
      <Filter>Header Files</Filter>
    </ClInclude>
    <ClInclude Include="..\..\robotmgr_src\statistics.h">
      <Filter>Header Files</Filter>
    </ClInclude>
  </ItemGroup>
  <ItemGroup>
    <ClCompile Include="..\..\robotmgr_src\msg_pass.c">
      <Filter>Source Files</Filter>
    </ClCompile>
    <ClCompile Include="..\..\robotmgr_src\robotmgr_main.c">
      <Filter>Source Files</Filter>
    </ClCompile>
    <ClCompile Include="..\..\robotmgr_src\shmem_mgr.c">
      <Filter>Source Files</Filter>
    </ClCompile>
    <ClCompile Include="..\..\robotmgr_src\scr_display.c">
      <Filter>Source Files</Filter>
    </ClCompile>
    <ClCompile Include="..\..\robotmgr_src\arg_parsing.c">
      <Filter>Source Files</Filter>
    </ClCompile>
    <ClCompile Include="..\..\robotmgr_src\par_parsing.c">
      <Filter>Source Files</Filter>
    </ClCompile>
    <ClCompile Include="..\..\robotmgr_src\term_deco.c">
      <Filter>Source Files</Filter>
    </ClCompile>
    <ClCompile Include="..\..\robotmgr_src\conf_default.c">
      <Filter>Source Files</Filter>
    </ClCompile>
    <ClCompile Include="..\..\robotmgr_src\conf_load.c">
      <Filter>Source Files</Filter>
    </ClCompile>
    <ClCompile Include="..\..\robotmgr_src\conf_check.c">
      <Filter>Source Files</Filter>
    </ClCompile>
    <ClCompile Include="..\..\robotmgr_src\job_compile.c">
      <Filter>Source Files</Filter>
    </ClCompile>
    <ClCompile Include="..\..\robotmgr_src\svc_handling.c">
      <Filter>Source Files</Filter>
    </ClCompile>
    <ClCompile Include="..\..\robotmgr_src\err_parsing.c">
      <Filter>Source Files</Filter>
    </ClCompile>
    <ClCompile Include="..\..\robotmgr_src\svc_statistics.c">
      <Filter>Source Files</Filter>
    </ClCompile>
    <ClCompile Include="..\..\robotmgr_src\confpars_axis.c">
      <Filter>Source Files</Filter>
    </ClCompile>
    <ClCompile Include="..\..\robotmgr_src\confpars_global.c">
      <Filter>Source Files</Filter>
    </ClCompile>
    <ClCompile Include="..\..\robotmgr_src\confpars_motor.c">
      <Filter>Source Files</Filter>
    </ClCompile>
    <ClCompile Include="..\..\robotmgr_src\confpars_robot.c">
      <Filter>Source Files</Filter>
    </ClCompile>
    <ClCompile Include="..\..\robotmgr_src\confpars_param.c">
      <Filter>Source Files</Filter>
    </ClCompile>
    <ClCompile Include="..\..\robotmgr_src\confpars_welder.c">
      <Filter>Source Files</Filter>
    </ClCompile>
    <ClCompile Include="..\..\robotmgr_src\err_handling.c">
      <Filter>Source Files</Filter>
    </ClCompile>
    <ClCompile Include="..\..\robotmgr_src\sysmon_stat.c">
      <Filter>Source Files</Filter>
    </ClCompile>
    <ClCompile Include="..\..\robotmgr_src\sysmon_err.c">
      <Filter>Source Files</Filter>
    </ClCompile>
    <ClCompile Include="..\..\robotmgr_src\sysmon_statis.c">
      <Filter>Source Files</Filter>
    </ClCompile>
    <ClCompile Include="..\..\robotmgr_src\confpars_statis.c">
      <Filter>Source Files</Filter>
    </ClCompile>
    <ClCompile Include="..\..\robotmgr_src\svc_sysinfo.c">
      <Filter>Source Files</Filter>
    </ClCompile>
    <ClCompile Include="..\..\robotmgr_src\svc_rcon.c">
      <Filter>Source Files</Filter>
    </ClCompile>
    <ClCompile Include="..\..\robotmgr_src\svc_job_mon.c">
      <Filter>Source Files</Filter>
    </ClCompile>
    <ClCompile Include="..\..\robotmgr_src\svc_job_extra.c">
      <Filter>Source Files</Filter>
    </ClCompile>
    <ClCompile Include="..\..\robotmgr_src\svc_job_exe.c">
      <Filter>Source Files</Filter>
    </ClCompile>
    <ClCompile Include="..\..\robotmgr_src\paramfile_handle.c">
      <Filter>Source Files</Filter>
    </ClCompile>
    <ClCompile Include="..\..\robotmgr_src\svc_set_param.c">
      <Filter>Source Files</Filter>
    </ClCompile>
    <ClCompile Include="..\..\robotmgr_src\svc_show_param.c">
      <Filter>Source Files</Filter>
    </ClCompile>
    <ClCompile Include="..\..\robotmgr_src\svc_system.c">
      <Filter>Source Files</Filter>
    </ClCompile>
    <ClCompile Include="..\..\robotmgr_src\param_math.c">
      <Filter>Source Files</Filter>
    </ClCompile>
  </ItemGroup>
  <ItemGroup>
    <None Include="robotmgr_win.ico">
      <Filter>Resource Files</Filter>
    </None>
  </ItemGroup>
  <ItemGroup>
    <ResourceCompile Include="robotmgr_win1.rc">
      <Filter>Resource Files</Filter>
    </ResourceCompile>
  </ItemGroup>
</Project>